
Microsoft Visual Studio Solution File, Format Version 12.00
# Visual Studio 14
VisualStudioVersion = 14.0.24720.0
MinimumVisualStudioVersion = 10.0.40219.1
Project("{8BC9CEB8-8B4A-11D0-8D11-00A0C91BC942}") = "LBD 14.4 - Strings", "LBD 14.4 - Strings\LBD 14.4 - Strings.vcxproj", "{DFD1E2F6-F272-4C6C-9A8A-8B3959C162A2}"
EndProject
Global
	GlobalSection(SolutionConfigurationPlatforms) = preSolution
		Debug|x64 = Debug|x64
		Debug|x86 = Debug|x86
		Release|x64 = Release|x64
		Release|x86 = Release|x86
	EndGlobalSection
	GlobalSection(ProjectConfigurationPlatforms) = postSolution
		{DFD1E2F6-F272-4C6C-9A8A-8B3959C162A2}.Debug|x64.ActiveCfg = Debug|x64
		{DFD1E2F6-F272-4C6C-9A8A-8B3959C162A2}.Debug|x64.Build.0 = Debug|x64
		{DFD1E2F6-F272-4C6C-9A8A-8B3959C162A2}.Debug|x86.ActiveCfg = Debug|Win32
		{DFD1E2F6-F272-4C6C-9A8A-8B3959C162A2}.Debug|x86.Build.0 = Debug|Win32
		{DFD1E2F6-F272-4C6C-9A8A-8B3959C162A2}.Release|x64.ActiveCfg = Release|x64
		{DFD1E2F6-F272-4C6C-9A8A-8B3959C162A2}.Release|x64.Build.0 = Release|x64
		{DFD1E2F6-F272-4C6C-9A8A-8B3959C162A2}.Release|x86.ActiveCfg = Release|Win32
		{DFD1E2F6-F272-4C6C-9A8A-8B3959C162A2}.Release|x86.Build.0 = Release|Win32
	EndGlobalSection
	GlobalSection(SolutionProperties) = preSolution
		HideSolutionNode = FALSE
	EndGlobalSection
	GlobalSection(TeamFoundationVersionControl) = preSolution
		SccNumberOfProjects = 2
		SccEnterpriseProvider = {4CA58AB2-18FA-4F8D-95D4-32DDF27D184C}
		SccTeamFoundationServer = https://cchristison.visualstudio.com/
		SccLocalPath0 = .
		SccProjectUniqueName1 = LBD\u002014.4\u0020-\u0020Strings\\LBD\u002014.4\u0020-\u0020Strings.vcxproj
		SccProjectName1 = LBD\u002014.4\u0020-\u0020Strings
		SccLocalPath1 = LBD\u002014.4\u0020-\u0020Strings
	EndGlobalSection
EndGlobal
